// !$*UTF8*$!
{
	archiveVersion = 1;
	classes = {
	};
	objectVersion = 60;
	objects = {

/* Begin PBXBuildFile section */
		28C6D46172C5493295A5C62D /* Pods_GodotFirebase.framework in Frameworks */ = {isa = PBXBuildFile; fileRef = EE49F4B2D081A1F80A8B2204 /* Pods_GodotFirebase.framework */; };
		659FCA372E11515400D4B74F /* GodotFirebaseFunctions.mm in Sources */ = {isa = PBXBuildFile; fileRef = 659FCA362E11515300D4B74F /* GodotFirebaseFunctions.mm */; };
		659FCA392E11634C00D4B74F /* FirebaseFunctions.xcframework in Frameworks */ = {isa = PBXBuildFile; fileRef = 659FCA382E11634C00D4B74F /* FirebaseFunctions.xcframework */; };
		65B59D672D54E7E900396142 /* GodotFirebaseAnalytics.mm in Sources */ = {isa = PBXBuildFile; fileRef = 65B59D662D54E7E900396142 /* GodotFirebaseAnalytics.mm */; };
		65B59D6A2D54E87900396142 /* GodotFirebaseRemoteConfig.mm in Sources */ = {isa = PBXBuildFile; fileRef = 65B59D692D54E87900396142 /* GodotFirebaseRemoteConfig.mm */; };
		65B59D712D575B2800396142 /* GodotFirebaseAuth.mm in Sources */ = {isa = PBXBuildFile; fileRef = 65B59D702D575B0D00396142 /* GodotFirebaseAuth.mm */; };
		65CCA0E92D594C790097B36E /* GodotFirebaseFirestore.mm in Sources */ = {isa = PBXBuildFile; fileRef = 65CCA0E82D594C790097B36E /* GodotFirebaseFirestore.mm */; };
		65CCA0FD2D5A13800097B36E /* FirebaseAuth.xcframework in Frameworks */ = {isa = PBXBuildFile; fileRef = 65CCA0FB2D5A13800097B36E /* FirebaseAuth.xcframework */; };
		65CCA0FE2D5A13800097B36E /* FirebaseAuthInterop.xcframework in Frameworks */ = {isa = PBXBuildFile; fileRef = 65CCA0FC2D5A13800097B36E /* FirebaseAuthInterop.xcframework */; };
		65CCA1042D5A38AB0097B36E /* FirebaseAuthInterop.xcframework in Frameworks */ = {isa = PBXBuildFile; fileRef = 65CCA1032D5A38AB0097B36E /* FirebaseAuthInterop.xcframework */; };
		65CCA10A2D5A4B290097B36E /* GoogleSignIn.xcframework in Frameworks */ = {isa = PBXBuildFile; fileRef = 65CCA1092D5A4B290097B36E /* GoogleSignIn.xcframework */; };
		65D4EDEC2CF3CC3600C51B0A /* GodotFirebase.mm in Sources */ = {isa = PBXBuildFile; fileRef = 65D4EDE82CF3CC3600C51B0A /* GodotFirebase.mm */; };
		65D4EDED2CF3CC3600C51B0A /* GodotFirebaseModule.mm in Sources */ = {isa = PBXBuildFile; fileRef = 65D4EDEA2CF3CC3600C51B0A /* GodotFirebaseModule.mm */; };
		65D4EDEE2CF3CC3600C51B0A /* GodotFirebase.h in Copy Files */ = {isa = PBXBuildFile; fileRef = 65D4EDE72CF3CC3600C51B0A /* GodotFirebase.h */; };
		A512E08CA1FB2A5CB57A8713 /* Pods_GodotFirebase.framework in Frameworks */ = {isa = PBXBuildFile; fileRef = C8A6656BFEF29B359ABCD6DB /* Pods_GodotFirebase.framework */; };
/* End PBXBuildFile section */

/* Begin PBXCopyFilesBuildPhase section */
		65ED8D2F2CF3BA8F00FC65E7 /* Copy Files */ = {
			isa = PBXCopyFilesBuildPhase;
			buildActionMask = 2147483647;
			dstPath = "include/$(PRODUCT_NAME)";
			dstSubfolderSpec = 16;
			files = (
				65D4EDEE2CF3CC3600C51B0A /* GodotFirebase.h in Copy Files */,
			);
			name = "Copy Files";
			runOnlyForDeploymentPostprocessing = 0;
		};
/* End PBXCopyFilesBuildPhase section */

/* Begin PBXFileReference section */
		382A132530970466C1DEB8E4 /* Pods-GodotFirebase.release.xcconfig */ = {isa = PBXFileReference; includeInIndex = 1; lastKnownFileType = text.xcconfig; name = "Pods-GodotFirebase.release.xcconfig"; path = "Target Support Files/Pods-GodotFirebase/Pods-GodotFirebase.release.xcconfig"; sourceTree = "<group>"; };
		5F776B0BB6361A06A68CBF58 /* Pods-GodotFirebase.debug.xcconfig */ = {isa = PBXFileReference; includeInIndex = 1; lastKnownFileType = text.xcconfig; name = "Pods-GodotFirebase.debug.xcconfig"; path = "Target Support Files/Pods-GodotFirebase/Pods-GodotFirebase.debug.xcconfig"; sourceTree = "<group>"; };
		659FCA352E11515300D4B74F /* GodotFirebaseFunctions.h */ = {isa = PBXFileReference; lastKnownFileType = sourcecode.c.h; path = GodotFirebaseFunctions.h; sourceTree = "<group>"; };
		659FCA362E11515300D4B74F /* GodotFirebaseFunctions.mm */ = {isa = PBXFileReference; lastKnownFileType = sourcecode.cpp.objcpp; path = GodotFirebaseFunctions.mm; sourceTree = "<group>"; };
		659FCA382E11634C00D4B74F /* FirebaseFunctions.xcframework */ = {isa = PBXFileReference; expectedSignature = "AppleDeveloperProgram:EQHXZ8M8AV:Google LLC"; lastKnownFileType = wrapper.xcframework; path = FirebaseFunctions.xcframework; sourceTree = "<group>"; };
		65B59D652D54E7B000396142 /* GodotFirebaseAnalytics.h */ = {isa = PBXFileReference; lastKnownFileType = sourcecode.c.h; path = GodotFirebaseAnalytics.h; sourceTree = "<group>"; };
		65B59D662D54E7E900396142 /* GodotFirebaseAnalytics.mm */ = {isa = PBXFileReference; lastKnownFileType = sourcecode.cpp.objcpp; path = GodotFirebaseAnalytics.mm; sourceTree = "<group>"; };
		65B59D682D54E83700396142 /* GodotFirebaseRemoteConfig.h */ = {isa = PBXFileReference; lastKnownFileType = sourcecode.c.h; path = GodotFirebaseRemoteConfig.h; sourceTree = "<group>"; };
		65B59D692D54E87900396142 /* GodotFirebaseRemoteConfig.mm */ = {isa = PBXFileReference; lastKnownFileType = sourcecode.cpp.objcpp; path = GodotFirebaseRemoteConfig.mm; sourceTree = "<group>"; };
		65B59D6F2D575AE800396142 /* GodotFirebaseAuth.h */ = {isa = PBXFileReference; lastKnownFileType = sourcecode.c.h; path = GodotFirebaseAuth.h; sourceTree = "<group>"; };
		65B59D702D575B0D00396142 /* GodotFirebaseAuth.mm */ = {isa = PBXFileReference; lastKnownFileType = sourcecode.cpp.objcpp; path = GodotFirebaseAuth.mm; sourceTree = "<group>"; };
		65B59D742D576FD300396142 /* GodotFirebase-Bridging-Header.h */ = {isa = PBXFileReference; lastKnownFileType = sourcecode.c.h; path = "GodotFirebase-Bridging-Header.h"; sourceTree = "<group>"; };
		65CCA0E72D594C680097B36E /* GodotFirebaseFirestore.h */ = {isa = PBXFileReference; lastKnownFileType = sourcecode.c.h; path = GodotFirebaseFirestore.h; sourceTree = "<group>"; };
		65CCA0E82D594C790097B36E /* GodotFirebaseFirestore.mm */ = {isa = PBXFileReference; lastKnownFileType = sourcecode.cpp.objcpp; path = GodotFirebaseFirestore.mm; sourceTree = "<group>"; };
		65CCA0FB2D5A13800097B36E /* FirebaseAuth.xcframework */ = {isa = PBXFileReference; expectedSignature = "AppleDeveloperProgram:EQHXZ8M8AV:Google LLC"; lastKnownFileType = wrapper.xcframework; path = FirebaseAuth.xcframework; sourceTree = "<group>"; };
		65CCA0FC2D5A13800097B36E /* FirebaseAuthInterop.xcframework */ = {isa = PBXFileReference; expectedSignature = "AppleDeveloperProgram:EQHXZ8M8AV:Google LLC"; lastKnownFileType = wrapper.xcframework; path = FirebaseAuthInterop.xcframework; sourceTree = "<group>"; };
		65CCA1032D5A38AB0097B36E /* FirebaseAuthInterop.xcframework */ = {isa = PBXFileReference; expectedSignature = "AppleDeveloperProgram:EQHXZ8M8AV:Google LLC"; lastKnownFileType = wrapper.xcframework; path = FirebaseAuthInterop.xcframework; sourceTree = "<group>"; };
		65CCA1092D5A4B290097B36E /* GoogleSignIn.xcframework */ = {isa = PBXFileReference; expectedSignature = "AppleDeveloperProgram:EQHXZ8M8AV:Google LLC"; lastKnownFileType = wrapper.xcframework; path = GoogleSignIn.xcframework; sourceTree = "<group>"; };
		65D4EDE72CF3CC3600C51B0A /* GodotFirebase.h */ = {isa = PBXFileReference; lastKnownFileType = sourcecode.c.h; path = GodotFirebase.h; sourceTree = "<group>"; };
		65D4EDE82CF3CC3600C51B0A /* GodotFirebase.mm */ = {isa = PBXFileReference; lastKnownFileType = sourcecode.cpp.objcpp; path = GodotFirebase.mm; sourceTree = "<group>"; };
		65D4EDE92CF3CC3600C51B0A /* GodotFirebaseModule.h */ = {isa = PBXFileReference; lastKnownFileType = sourcecode.c.h; path = GodotFirebaseModule.h; sourceTree = "<group>"; };
		65D4EDEA2CF3CC3600C51B0A /* GodotFirebaseModule.mm */ = {isa = PBXFileReference; lastKnownFileType = sourcecode.cpp.objcpp; path = GodotFirebaseModule.mm; sourceTree = "<group>"; };
		65ED8D312CF3BA8F00FC65E7 /* libGodotFirebase.a */ = {isa = PBXFileReference; explicitFileType = archive.ar; includeInIndex = 0; path = libGodotFirebase.a; sourceTree = BUILT_PRODUCTS_DIR; };
		C8A6656BFEF29B359ABCD6DB /* Pods_GodotFirebase.framework */ = {isa = PBXFileReference; explicitFileType = wrapper.framework; includeInIndex = 0; path = Pods_GodotFirebase.framework; sourceTree = BUILT_PRODUCTS_DIR; };
		EE49F4B2D081A1F80A8B2204 /* Pods_GodotFirebase.framework */ = {isa = PBXFileReference; explicitFileType = wrapper.framework; includeInIndex = 0; path = Pods_GodotFirebase.framework; sourceTree = BUILT_PRODUCTS_DIR; };
/* End PBXFileReference section */

/* Begin PBXFrameworksBuildPhase section */
		65ED8D2E2CF3BA8F00FC65E7 /* Frameworks */ = {
			isa = PBXFrameworksBuildPhase;
			buildActionMask = 2147483647;
			files = (
				65CCA0FD2D5A13800097B36E /* FirebaseAuth.xcframework in Frameworks */,
				65CCA0FE2D5A13800097B36E /* FirebaseAuthInterop.xcframework in Frameworks */,
				65CCA10A2D5A4B290097B36E /* GoogleSignIn.xcframework in Frameworks */,
				659FCA392E11634C00D4B74F /* FirebaseFunctions.xcframework in Frameworks */,
				28C6D46172C5493295A5C62D /* Pods_GodotFirebase.framework in Frameworks */,
				A512E08CA1FB2A5CB57A8713 /* Pods_GodotFirebase.framework in Frameworks */,
				65CCA1042D5A38AB0097B36E /* FirebaseAuthInterop.xcframework in Frameworks */,
			);
			runOnlyForDeploymentPostprocessing = 0;
		};
/* End PBXFrameworksBuildPhase section */

/* Begin PBXGroup section */
		0F138CC4129FD1E88BAFB022 /* Frameworks */ = {
			isa = PBXGroup;
			children = (
				EE49F4B2D081A1F80A8B2204 /* Pods_GodotFirebase.framework */,
			);
			name = Frameworks;
			sourceTree = "<group>";
		};
		1EC0E20D0FBA5A236F1C5A1B /* Pods */ = {
			isa = PBXGroup;
			children = (
				5F776B0BB6361A06A68CBF58 /* Pods-GodotFirebase.debug.xcconfig */,
				382A132530970466C1DEB8E4 /* Pods-GodotFirebase.release.xcconfig */,
			);
			path = Pods;
			sourceTree = "<group>";
		};
		65CCA0FA2D5A135E0097B36E /* Frameworks */ = {
			isa = PBXGroup;
			children = (
				65CCA1092D5A4B290097B36E /* GoogleSignIn.xcframework */,
				65CCA0FB2D5A13800097B36E /* FirebaseAuth.xcframework */,
				65CCA1032D5A38AB0097B36E /* FirebaseAuthInterop.xcframework */,
				65CCA0FC2D5A13800097B36E /* FirebaseAuthInterop.xcframework */,
				659FCA382E11634C00D4B74F /* FirebaseFunctions.xcframework */,
				C8A6656BFEF29B359ABCD6DB /* Pods_GodotFirebase.framework */,
			);
			path = Frameworks;
			sourceTree = "<group>";
		};
		65D4EDEB2CF3CC3600C51B0A /* GodotFirebase */ = {
			isa = PBXGroup;
			children = (
				65D4EDE92CF3CC3600C51B0A /* GodotFirebaseModule.h */,
				65D4EDEA2CF3CC3600C51B0A /* GodotFirebaseModule.mm */,
				65D4EDE72CF3CC3600C51B0A /* GodotFirebase.h */,
				65D4EDE82CF3CC3600C51B0A /* GodotFirebase.mm */,
				65B59D652D54E7B000396142 /* GodotFirebaseAnalytics.h */,
				65B59D662D54E7E900396142 /* GodotFirebaseAnalytics.mm */,
				65B59D682D54E83700396142 /* GodotFirebaseRemoteConfig.h */,
				65B59D692D54E87900396142 /* GodotFirebaseRemoteConfig.mm */,
				65B59D6F2D575AE800396142 /* GodotFirebaseAuth.h */,
				659FCA352E11515300D4B74F /* GodotFirebaseFunctions.h */,
				659FCA362E11515300D4B74F /* GodotFirebaseFunctions.mm */,
				65B59D702D575B0D00396142 /* GodotFirebaseAuth.mm */,
				65CCA0E72D594C680097B36E /* GodotFirebaseFirestore.h */,
				65CCA0E82D594C790097B36E /* GodotFirebaseFirestore.mm */,
				65B59D742D576FD300396142 /* GodotFirebase-Bridging-Header.h */,
			);
			path = GodotFirebase;
			sourceTree = "<group>";
		};
		65ED8D282CF3BA8F00FC65E7 = {
			isa = PBXGroup;
			children = (
				65D4EDEB2CF3CC3600C51B0A /* GodotFirebase */,
				65CCA0FA2D5A135E0097B36E /* Frameworks */,
				65ED8D322CF3BA8F00FC65E7 /* Products */,
				1EC0E20D0FBA5A236F1C5A1B /* Pods */,
				0F138CC4129FD1E88BAFB022 /* Frameworks */,
			);
			sourceTree = "<group>";
		};
		65ED8D322CF3BA8F00FC65E7 /* Products */ = {
			isa = PBXGroup;
			children = (
				65ED8D312CF3BA8F00FC65E7 /* libGodotFirebase.a */,
			);
			name = Products;
			sourceTree = "<group>";
		};
/* End PBXGroup section */

/* Begin PBXNativeTarget section */
		65ED8D302CF3BA8F00FC65E7 /* GodotFirebase */ = {
			isa = PBXNativeTarget;
			buildConfigurationList = 65ED8D3B2CF3BA8F00FC65E7 /* Build configuration list for PBXNativeTarget "GodotFirebase" */;
			buildPhases = (
				F40ED36389835CC6D2DC02E3 /* [CP] Check Pods Manifest.lock */,
				65ED8D2D2CF3BA8F00FC65E7 /* Sources */,
				65ED8D2E2CF3BA8F00FC65E7 /* Frameworks */,
				65ED8D2F2CF3BA8F00FC65E7 /* Copy Files */,
			);
			buildRules = (
			);
			dependencies = (
			);
			name = GodotFirebase;
			productName = firebase_analytics;
			productReference = 65ED8D312CF3BA8F00FC65E7 /* libGodotFirebase.a */;
			productType = "com.apple.product-type.library.static";
		};
/* End PBXNativeTarget section */

/* Begin PBXProject section */
		65ED8D292CF3BA8F00FC65E7 /* Project object */ = {
			isa = PBXProject;
			attributes = {
				BuildIndependentTargetsInParallel = 1;
				LastUpgradeCheck = 1610;
				TargetAttributes = {
					65ED8D302CF3BA8F00FC65E7 = {
						CreatedOnToolsVersion = 16.1;
						LastSwiftMigration = 1620;
					};
				};
			};
			buildConfigurationList = 65ED8D2C2CF3BA8F00FC65E7 /* Build configuration list for PBXProject "GodotFirebase" */;
			compatibilityVersion = "Xcode 14.0";
			developmentRegion = en;
			hasScannedForEncodings = 0;
			knownRegions = (
				en,
				Base,
			);
			mainGroup = 65ED8D282CF3BA8F00FC65E7;
			productRefGroup = 65ED8D322CF3BA8F00FC65E7 /* Products */;
			projectDirPath = "";
			projectRoot = "";
			targets = (
				65ED8D302CF3BA8F00FC65E7 /* GodotFirebase */,
			);
		};
/* End PBXProject section */

/* Begin PBXShellScriptBuildPhase section */
		F40ED36389835CC6D2DC02E3 /* [CP] Check Pods Manifest.lock */ = {
			isa = PBXShellScriptBuildPhase;
			buildActionMask = 2147483647;
			files = (
			);
			inputFileListPaths = (
			);
			inputPaths = (
				"${PODS_PODFILE_DIR_PATH}/Podfile.lock",
				"${PODS_ROOT}/Manifest.lock",
			);
			name = "[CP] Check Pods Manifest.lock";
			outputFileListPaths = (
			);
			outputPaths = (
				"$(DERIVED_FILE_DIR)/Pods-GodotFirebase-checkManifestLockResult.txt",
			);
			runOnlyForDeploymentPostprocessing = 0;
			shellPath = /bin/sh;
			shellScript = "diff \"${PODS_PODFILE_DIR_PATH}/Podfile.lock\" \"${PODS_ROOT}/Manifest.lock\" > /dev/null\nif [ $? != 0 ] ; then\n    # print error to STDERR\n    echo \"error: The sandbox is not in sync with the Podfile.lock. Run 'pod install' or update your CocoaPods installation.\" >&2\n    exit 1\nfi\n# This output is used by Xcode 'outputs' to avoid re-running this script phase.\necho \"SUCCESS\" > \"${SCRIPT_OUTPUT_FILE_0}\"\n";
			showEnvVarsInLog = 0;
		};
/* End PBXShellScriptBuildPhase section */

/* Begin PBXSourcesBuildPhase section */
		65ED8D2D2CF3BA8F00FC65E7 /* Sources */ = {
			isa = PBXSourcesBuildPhase;
			buildActionMask = 2147483647;
			files = (
				65CCA0E92D594C790097B36E /* GodotFirebaseFirestore.mm in Sources */,
				65D4EDEC2CF3CC3600C51B0A /* GodotFirebase.mm in Sources */,
				65B59D672D54E7E900396142 /* GodotFirebaseAnalytics.mm in Sources */,
				65B59D6A2D54E87900396142 /* GodotFirebaseRemoteConfig.mm in Sources */,
				659FCA372E11515400D4B74F /* GodotFirebaseFunctions.mm in Sources */,
				65D4EDED2CF3CC3600C51B0A /* GodotFirebaseModule.mm in Sources */,
				65B59D712D575B2800396142 /* GodotFirebaseAuth.mm in Sources */,
			);
			runOnlyForDeploymentPostprocessing = 0;
		};
/* End PBXSourcesBuildPhase section */

/* Begin XCBuildConfiguration section */
		65ED8D392CF3BA8F00FC65E7 /* Debug */ = {
			isa = XCBuildConfiguration;
			buildSettings = {
				ALWAYS_SEARCH_USER_PATHS = NO;
				ASSETCATALOG_COMPILER_GENERATE_SWIFT_ASSET_SYMBOL_EXTENSIONS = YES;
				CLANG_ANALYZER_NONNULL = YES;
				CLANG_ANALYZER_NUMBER_OBJECT_CONVERSION = YES_AGGRESSIVE;
				CLANG_CXX_LANGUAGE_STANDARD = "gnu++20";
				CLANG_ENABLE_MODULES = YES;
				CLANG_ENABLE_OBJC_ARC = YES;
				CLANG_ENABLE_OBJC_WEAK = YES;
				CLANG_WARN_BLOCK_CAPTURE_AUTORELEASING = YES;
				CLANG_WARN_BOOL_CONVERSION = YES;
				CLANG_WARN_COMMA = YES;
				CLANG_WARN_CONSTANT_CONVERSION = YES;
				CLANG_WARN_DEPRECATED_OBJC_IMPLEMENTATIONS = YES;
				CLANG_WARN_DIRECT_OBJC_ISA_USAGE = YES_ERROR;
				CLANG_WARN_DOCUMENTATION_COMMENTS = YES;
				CLANG_WARN_EMPTY_BODY = YES;
				CLANG_WARN_ENUM_CONVERSION = YES;
				CLANG_WARN_INFINITE_RECURSION = YES;
				CLANG_WARN_INT_CONVERSION = YES;
				CLANG_WARN_NON_LITERAL_NULL_CONVERSION = YES;
				CLANG_WARN_OBJC_IMPLICIT_RETAIN_SELF = YES;
				CLANG_WARN_OBJC_LITERAL_CONVERSION = YES;
				CLANG_WARN_OBJC_ROOT_CLASS = YES_ERROR;
				CLANG_WARN_QUOTED_INCLUDE_IN_FRAMEWORK_HEADER = YES;
				CLANG_WARN_RANGE_LOOP_ANALYSIS = YES;
				CLANG_WARN_STRICT_PROTOTYPES = YES;
				CLANG_WARN_SUSPICIOUS_MOVE = YES;
				CLANG_WARN_UNGUARDED_AVAILABILITY = YES_AGGRESSIVE;
				CLANG_WARN_UNREACHABLE_CODE = YES;
				CLANG_WARN__DUPLICATE_METHOD_MATCH = YES;
				COPY_PHASE_STRIP = NO;
				DEBUG_INFORMATION_FORMAT = dwarf;
				ENABLE_STRICT_OBJC_MSGSEND = YES;
				ENABLE_TESTABILITY = YES;
				ENABLE_USER_SCRIPT_SANDBOXING = YES;
				GCC_C_LANGUAGE_STANDARD = gnu17;
				GCC_DYNAMIC_NO_PIC = NO;
				GCC_NO_COMMON_BLOCKS = YES;
				GCC_OPTIMIZATION_LEVEL = 0;
				GCC_PREPROCESSOR_DEFINITIONS = (
					"DEBUG=1",
					"$(inherited)",
				);
				GCC_WARN_64_TO_32_BIT_CONVERSION = YES;
				GCC_WARN_ABOUT_RETURN_TYPE = YES_ERROR;
				GCC_WARN_UNDECLARED_SELECTOR = YES;
				GCC_WARN_UNINITIALIZED_AUTOS = YES_AGGRESSIVE;
				GCC_WARN_UNUSED_FUNCTION = YES;
				GCC_WARN_UNUSED_VARIABLE = YES;
				IPHONEOS_DEPLOYMENT_TARGET = 18.1;
				LOCALIZATION_PREFERS_STRING_CATALOGS = YES;
				MTL_ENABLE_DEBUG_INFO = INCLUDE_SOURCE;
				MTL_FAST_MATH = YES;
				ONLY_ACTIVE_ARCH = YES;
				SDKROOT = iphoneos;
			};
			name = Debug;
		};
		65ED8D3A2CF3BA8F00FC65E7 /* Release */ = {
			isa = XCBuildConfiguration;
			buildSettings = {
				ALWAYS_SEARCH_USER_PATHS = NO;
				ASSETCATALOG_COMPILER_GENERATE_SWIFT_ASSET_SYMBOL_EXTENSIONS = YES;
				CLANG_ANALYZER_NONNULL = YES;
				CLANG_ANALYZER_NUMBER_OBJECT_CONVERSION = YES_AGGRESSIVE;
				CLANG_CXX_LANGUAGE_STANDARD = "gnu++20";
				CLANG_ENABLE_MODULES = YES;
				CLANG_ENABLE_OBJC_ARC = YES;
				CLANG_ENABLE_OBJC_WEAK = YES;
				CLANG_WARN_BLOCK_CAPTURE_AUTORELEASING = YES;
				CLANG_WARN_BOOL_CONVERSION = YES;
				CLANG_WARN_COMMA = YES;
				CLANG_WARN_CONSTANT_CONVERSION = YES;
				CLANG_WARN_DEPRECATED_OBJC_IMPLEMENTATIONS = YES;
				CLANG_WARN_DIRECT_OBJC_ISA_USAGE = YES_ERROR;
				CLANG_WARN_DOCUMENTATION_COMMENTS = YES;
				CLANG_WARN_EMPTY_BODY = YES;
				CLANG_WARN_ENUM_CONVERSION = YES;
				CLANG_WARN_INFINITE_RECURSION = YES;
				CLANG_WARN_INT_CONVERSION = YES;
				CLANG_WARN_NON_LITERAL_NULL_CONVERSION = YES;
				CLANG_WARN_OBJC_IMPLICIT_RETAIN_SELF = YES;
				CLANG_WARN_OBJC_LITERAL_CONVERSION = YES;
				CLANG_WARN_OBJC_ROOT_CLASS = YES_ERROR;
				CLANG_WARN_QUOTED_INCLUDE_IN_FRAMEWORK_HEADER = YES;
				CLANG_WARN_RANGE_LOOP_ANALYSIS = YES;
				CLANG_WARN_STRICT_PROTOTYPES = YES;
				CLANG_WARN_SUSPICIOUS_MOVE = YES;
				CLANG_WARN_UNGUARDED_AVAILABILITY = YES_AGGRESSIVE;
				CLANG_WARN_UNREACHABLE_CODE = YES;
				CLANG_WARN__DUPLICATE_METHOD_MATCH = YES;
				COPY_PHASE_STRIP = NO;
				DEBUG_INFORMATION_FORMAT = "dwarf-with-dsym";
				ENABLE_NS_ASSERTIONS = NO;
				ENABLE_STRICT_OBJC_MSGSEND = YES;
				ENABLE_USER_SCRIPT_SANDBOXING = YES;
				GCC_C_LANGUAGE_STANDARD = gnu17;
				GCC_NO_COMMON_BLOCKS = YES;
				GCC_WARN_64_TO_32_BIT_CONVERSION = YES;
				GCC_WARN_ABOUT_RETURN_TYPE = YES_ERROR;
				GCC_WARN_UNDECLARED_SELECTOR = YES;
				GCC_WARN_UNINITIALIZED_AUTOS = YES_AGGRESSIVE;
				GCC_WARN_UNUSED_FUNCTION = YES;
				GCC_WARN_UNUSED_VARIABLE = YES;
				IPHONEOS_DEPLOYMENT_TARGET = 18.1;
				LOCALIZATION_PREFERS_STRING_CATALOGS = YES;
				MTL_ENABLE_DEBUG_INFO = NO;
				MTL_FAST_MATH = YES;
				SDKROOT = iphoneos;
				VALIDATE_PRODUCT = YES;
			};
			name = Release;
		};
		65ED8D3C2CF3BA8F00FC65E7 /* Debug */ = {
			isa = XCBuildConfiguration;
			baseConfigurationReference = 5F776B0BB6361A06A68CBF58 /* Pods-GodotFirebase.debug.xcconfig */;
			buildSettings = {
				CLANG_ADDRESS_SANITIZER_CONTAINER_OVERFLOW = YES;
				CLANG_CXX_LANGUAGE_STANDARD = "gnu++20";
				CLANG_ENABLE_MODULES = YES;
				CODE_SIGN_STYLE = Automatic;
				DEFINES_MODULE = YES;
				DEVELOPMENT_TEAM = ZYS385FJDX;
				GCC_C_LANGUAGE_STANDARD = gnu17;
				HEADER_SEARCH_PATHS = (
					"/Users/daniel/GodotProjects/plugin-builder/plugin/godot/platform/ios",
					"/Users/daniel/GodotProjects/plugin-builder/plugin/godot",
				);
				IPHONEOS_DEPLOYMENT_TARGET = 15.6;
				OTHER_LDFLAGS = "-ObjC";
				PRODUCT_NAME = "$(TARGET_NAME)";
				SKIP_INSTALL = YES;
				SWIFT_OBJC_BRIDGING_HEADER = "GodotFirebase/GodotFirebase-Bridging-Header.h";
				SWIFT_OPTIMIZATION_LEVEL = "-Onone";
				SWIFT_VERSION = 6.0;
				TARGETED_DEVICE_FAMILY = "1,2";
			};
			name = Debug;
		};
		65ED8D3D2CF3BA8F00FC65E7 /* Release */ = {
			isa = XCBuildConfiguration;
			baseConfigurationReference = 382A132530970466C1DEB8E4 /* Pods-GodotFirebase.release.xcconfig */;
			buildSettings = {
				CLANG_ADDRESS_SANITIZER_CONTAINER_OVERFLOW = YES;
				CLANG_CXX_LANGUAGE_STANDARD = "gnu++20";
				CLANG_ENABLE_MODULES = YES;
				CODE_SIGN_STYLE = Automatic;
				DEFINES_MODULE = YES;
				DEVELOPMENT_TEAM = ZYS385FJDX;
				GCC_C_LANGUAGE_STANDARD = gnu17;
				HEADER_SEARCH_PATHS = (
					"/Users/daniel/GodotProjects/plugin-builder/plugin/godot/platform/ios",
					"/Users/daniel/GodotProjects/plugin-builder/plugin/godot",
				);
				IPHONEOS_DEPLOYMENT_TARGET = 15.6;
				OTHER_LDFLAGS = "-ObjC";
				PRODUCT_NAME = "$(TARGET_NAME)";
				SKIP_INSTALL = YES;
				SWIFT_OBJC_BRIDGING_HEADER = "GodotFirebase/GodotFirebase-Bridging-Header.h";
				SWIFT_VERSION = 6.0;
				TARGETED_DEVICE_FAMILY = "1,2";
			};
			name = Release;
		};
/* End XCBuildConfiguration section */

/* Begin XCConfigurationList section */
		65ED8D2C2CF3BA8F00FC65E7 /* Build configuration list for PBXProject "GodotFirebase" */ = {
			isa = XCConfigurationList;
			buildConfigurations = (
				65ED8D392CF3BA8F00FC65E7 /* Debug */,
				65ED8D3A2CF3BA8F00FC65E7 /* Release */,
			);
			defaultConfigurationIsVisible = 0;
			defaultConfigurationName = Release;
		};
		65ED8D3B2CF3BA8F00FC65E7 /* Build configuration list for PBXNativeTarget "GodotFirebase" */ = {
			isa = XCConfigurationList;
			buildConfigurations = (
				65ED8D3C2CF3BA8F00FC65E7 /* Debug */,
				65ED8D3D2CF3BA8F00FC65E7 /* Release */,
			);
			defaultConfigurationIsVisible = 0;
			defaultConfigurationName = Release;
		};
/* End XCConfigurationList section */
	};
	rootObject = 65ED8D292CF3BA8F00FC65E7 /* Project object */;
}
